Microsoft Visual Studio Solution File, Format Version 12.00
# Visual Studio Version 16
VisualStudioVersion = 16.0.0.0
MinimumVisualStudioVersion = 16.0.0.0
Project("{9A19103F-16F7-4668-BE54-9A1E7A4F7556}") = "SketchSphere.UI.Server", "src\SketchSphere.UI\Server\SketchSphere.UI.Server.csproj", "{E285D7D3-D425-45D8-B40B-66363D4F52DF}"
EndProject
Project("{9A19103F-16F7-4668-BE54-9A1E7A4F7556}") = "SketchSphere.UI.Client", "src\SketchSphere.UI\Client\SketchSphere.UI.Client.csproj", "{A65683ED-1E8A-42B2-A8F7-D269336EA227}"
EndProject
Project("{9A19103F-16F7-4668-BE54-9A1E7A4F7556}") = "SketchSphere.UI.Shared", "src\SketchSphere.UI\Shared\SketchSphere.UI.Shared.csproj", "{CDDA7D20-A293-4507-8E8A-ED91785BE52B}"
EndProject
Project("{2150E333-8FDC-42A3-9474-1A3956D46DE8}") = "src", "src", "{CE983025-83F0-4AB6-8FF1-64AE3F74C6B9}"
EndProject
Project("{2150E333-8FDC-42A3-9474-1A3956D46DE8}") = "tests", "tests", "{D9857560-7568-427E-9798-18F9B68F4FD0}"
EndProject
Project("{FAE04EC0-301F-11D3-BF4B-00C04F79EFBC}") = "SketchSphere.UnitTests", "tests\SketchSphere.UnitTests\SketchSphere.UnitTests.csproj", "{6001CE53-09E7-443F-A1F4-DC72AB3762C2}"
EndProject
Project("{FAE04EC0-301F-11D3-BF4B-00C04F79EFBC}") = "SketchSphere.UI.Render", "src\SketchSphere.UI.Render\SketchSphere.UI.Render.csproj", "{002B3E53-0E2E-4696-9D34-E4F7F0C9963E}"
EndProject
Project("{2150E333-8FDC-42A3-9474-1A3956D46DE8}") = "SketchSphere.FsUI", "SketchSphere.FsUI", "{EF352131-0C38-4FDA-8ECB-D16AA0E35C24}"
EndProject
Project("{F2A71F9B-5D33-465A-A702-920D77279786}") = "SketchSphere.FsUI.Client", "src\SketchSphere.FsUI\SketchSphere.FsUI.Client\SketchSphere.FsUI.Client.fsproj", "{C0EA6E8A-3D8B-41D8-ACE2-87E503F0214D}"
EndProject
Project("{F2A71F9B-5D33-465A-A702-920D77279786}") = "SketchSphere.FsUI.Server", "src\SketchSphere.FsUI\SketchSphere.FsUI.Server\SketchSphere.FsUI.Server.fsproj", "{054B143A-AD83-434E-A242-0D9E058847D9}"
EndProject
Global
	GlobalSection(SolutionConfigurationPlatforms) = preSolution
		Debug|Any CPU = Debug|Any CPU
		Debug|x64 = Debug|x64
		Debug|x86 = Debug|x86
		Release|Any CPU = Release|Any CPU
		Release|x64 = Release|x64
		Release|x86 = Release|x86
	EndGlobalSection
	GlobalSection(ProjectConfigurationPlatforms) = postSolution
		{A65683ED-1E8A-42B2-A8F7-D269336EA227}.Debug|Any CPU.ActiveCfg = Debug|Any CPU
		{A65683ED-1E8A-42B2-A8F7-D269336EA227}.Debug|Any CPU.Build.0 = Debug|Any CPU
		{A65683ED-1E8A-42B2-A8F7-D269336EA227}.Debug|x64.ActiveCfg = Debug|Any CPU
		{A65683ED-1E8A-42B2-A8F7-D269336EA227}.Debug|x64.Build.0 = Debug|Any CPU
		{A65683ED-1E8A-42B2-A8F7-D269336EA227}.Debug|x86.ActiveCfg = Debug|Any CPU
		{A65683ED-1E8A-42B2-A8F7-D269336EA227}.Debug|x86.Build.0 = Debug|Any CPU
		{A65683ED-1E8A-42B2-A8F7-D269336EA227}.Release|Any CPU.ActiveCfg = Release|Any CPU
		{A65683ED-1E8A-42B2-A8F7-D269336EA227}.Release|Any CPU.Build.0 = Release|Any CPU
		{A65683ED-1E8A-42B2-A8F7-D269336EA227}.Release|x64.ActiveCfg = Release|Any CPU
		{A65683ED-1E8A-42B2-A8F7-D269336EA227}.Release|x64.Build.0 = Release|Any CPU
		{A65683ED-1E8A-42B2-A8F7-D269336EA227}.Release|x86.ActiveCfg = Release|Any CPU
		{A65683ED-1E8A-42B2-A8F7-D269336EA227}.Release|x86.Build.0 = Release|Any CPU
		{E285D7D3-D425-45D8-B40B-66363D4F52DF}.Debug|Any CPU.ActiveCfg = Debug|Any CPU
		{E285D7D3-D425-45D8-B40B-66363D4F52DF}.Debug|Any CPU.Build.0 = Debug|Any CPU
		{E285D7D3-D425-45D8-B40B-66363D4F52DF}.Debug|x64.ActiveCfg = Debug|Any CPU
		{E285D7D3-D425-45D8-B40B-66363D4F52DF}.Debug|x64.Build.0 = Debug|Any CPU
		{E285D7D3-D425-45D8-B40B-66363D4F52DF}.Debug|x86.ActiveCfg = Debug|Any CPU
		{E285D7D3-D425-45D8-B40B-66363D4F52DF}.Debug|x86.Build.0 = Debug|Any CPU
		{E285D7D3-D425-45D8-B40B-66363D4F52DF}.Release|Any CPU.ActiveCfg = Release|Any CPU
		{E285D7D3-D425-45D8-B40B-66363D4F52DF}.Release|Any CPU.Build.0 = Release|Any CPU
		{E285D7D3-D425-45D8-B40B-66363D4F52DF}.Release|x64.ActiveCfg = Release|Any CPU
		{E285D7D3-D425-45D8-B40B-66363D4F52DF}.Release|x64.Build.0 = Release|Any CPU
		{E285D7D3-D425-45D8-B40B-66363D4F52DF}.Release|x86.ActiveCfg = Release|Any CPU
		{E285D7D3-D425-45D8-B40B-66363D4F52DF}.Release|x86.Build.0 = Release|Any CPU
		{CDDA7D20-A293-4507-8E8A-ED91785BE52B}.Debug|Any CPU.ActiveCfg = Debug|Any CPU
		{CDDA7D20-A293-4507-8E8A-ED91785BE52B}.Debug|Any CPU.Build.0 = Debug|Any CPU
		{CDDA7D20-A293-4507-8E8A-ED91785BE52B}.Debug|x64.ActiveCfg = Debug|Any CPU
		{CDDA7D20-A293-4507-8E8A-ED91785BE52B}.Debug|x64.Build.0 = Debug|Any CPU
		{CDDA7D20-A293-4507-8E8A-ED91785BE52B}.Debug|x86.ActiveCfg = Debug|Any CPU
		{CDDA7D20-A293-4507-8E8A-ED91785BE52B}.Debug|x86.Build.0 = Debug|Any CPU
		{CDDA7D20-A293-4507-8E8A-ED91785BE52B}.Release|Any CPU.ActiveCfg = Release|Any CPU
		{CDDA7D20-A293-4507-8E8A-ED91785BE52B}.Release|Any CPU.Build.0 = Release|Any CPU
		{CDDA7D20-A293-4507-8E8A-ED91785BE52B}.Release|x64.ActiveCfg = Release|Any CPU
		{CDDA7D20-A293-4507-8E8A-ED91785BE52B}.Release|x64.Build.0 = Release|Any CPU
		{CDDA7D20-A293-4507-8E8A-ED91785BE52B}.Release|x86.ActiveCfg = Release|Any CPU
		{CDDA7D20-A293-4507-8E8A-ED91785BE52B}.Release|x86.Build.0 = Release|Any CPU
		{6001CE53-09E7-443F-A1F4-DC72AB3762C2}.Debug|Any CPU.ActiveCfg = Debug|Any CPU
		{6001CE53-09E7-443F-A1F4-DC72AB3762C2}.Debug|Any CPU.Build.0 = Debug|Any CPU
		{6001CE53-09E7-443F-A1F4-DC72AB3762C2}.Debug|x64.ActiveCfg = Debug|Any CPU
		{6001CE53-09E7-443F-A1F4-DC72AB3762C2}.Debug|x64.Build.0 = Debug|Any CPU
		{6001CE53-09E7-443F-A1F4-DC72AB3762C2}.Debug|x86.ActiveCfg = Debug|Any CPU
		{6001CE53-09E7-443F-A1F4-DC72AB3762C2}.Debug|x86.Build.0 = Debug|Any CPU
		{6001CE53-09E7-443F-A1F4-DC72AB3762C2}.Release|Any CPU.ActiveCfg = Release|Any CPU
		{6001CE53-09E7-443F-A1F4-DC72AB3762C2}.Release|Any CPU.Build.0 = Release|Any CPU
		{6001CE53-09E7-443F-A1F4-DC72AB3762C2}.Release|x64.ActiveCfg = Release|Any CPU
		{6001CE53-09E7-443F-A1F4-DC72AB3762C2}.Release|x64.Build.0 = Release|Any CPU
		{6001CE53-09E7-443F-A1F4-DC72AB3762C2}.Release|x86.ActiveCfg = Release|Any CPU
		{6001CE53-09E7-443F-A1F4-DC72AB3762C2}.Release|x86.Build.0 = Release|Any CPU
		{002B3E53-0E2E-4696-9D34-E4F7F0C9963E}.Debug|Any CPU.ActiveCfg = Debug|Any CPU
		{002B3E53-0E2E-4696-9D34-E4F7F0C9963E}.Debug|Any CPU.Build.0 = Debug|Any CPU
		{002B3E53-0E2E-4696-9D34-E4F7F0C9963E}.Debug|x64.ActiveCfg = Debug|Any CPU
		{002B3E53-0E2E-4696-9D34-E4F7F0C9963E}.Debug|x64.Build.0 = Debug|Any CPU
		{002B3E53-0E2E-4696-9D34-E4F7F0C9963E}.Debug|x86.ActiveCfg = Debug|Any CPU
		{002B3E53-0E2E-4696-9D34-E4F7F0C9963E}.Debug|x86.Build.0 = Debug|Any CPU
		{002B3E53-0E2E-4696-9D34-E4F7F0C9963E}.Release|Any CPU.ActiveCfg = Release|Any CPU
		{002B3E53-0E2E-4696-9D34-E4F7F0C9963E}.Release|Any CPU.Build.0 = Release|Any CPU
		{002B3E53-0E2E-4696-9D34-E4F7F0C9963E}.Release|x64.ActiveCfg = Release|Any CPU
		{002B3E53-0E2E-4696-9D34-E4F7F0C9963E}.Release|x64.Build.0 = Release|Any CPU
		{002B3E53-0E2E-4696-9D34-E4F7F0C9963E}.Release|x86.ActiveCfg = Release|Any CPU
		{002B3E53-0E2E-4696-9D34-E4F7F0C9963E}.Release|x86.Build.0 = Release|Any CPU
		{C0EA6E8A-3D8B-41D8-ACE2-87E503F0214D}.Debug|Any CPU.ActiveCfg = Debug|Any CPU
		{C0EA6E8A-3D8B-41D8-ACE2-87E503F0214D}.Debug|Any CPU.Build.0 = Debug|Any CPU
		{C0EA6E8A-3D8B-41D8-ACE2-87E503F0214D}.Debug|x64.ActiveCfg = Debug|Any CPU
		{C0EA6E8A-3D8B-41D8-ACE2-87E503F0214D}.Debug|x64.Build.0 = Debug|Any CPU
		{C0EA6E8A-3D8B-41D8-ACE2-87E503F0214D}.Debug|x86.ActiveCfg = Debug|Any CPU
		{C0EA6E8A-3D8B-41D8-ACE2-87E503F0214D}.Debug|x86.Build.0 = Debug|Any CPU
		{C0EA6E8A-3D8B-41D8-ACE2-87E503F0214D}.Release|Any CPU.ActiveCfg = Release|Any CPU
		{C0EA6E8A-3D8B-41D8-ACE2-87E503F0214D}.Release|Any CPU.Build.0 = Release|Any CPU
		{C0EA6E8A-3D8B-41D8-ACE2-87E503F0214D}.Release|x64.ActiveCfg = Release|Any CPU
		{C0EA6E8A-3D8B-41D8-ACE2-87E503F0214D}.Release|x64.Build.0 = Release|Any CPU
		{C0EA6E8A-3D8B-41D8-ACE2-87E503F0214D}.Release|x86.ActiveCfg = Release|Any CPU
		{C0EA6E8A-3D8B-41D8-ACE2-87E503F0214D}.Release|x86.Build.0 = Release|Any CPU
		{054B143A-AD83-434E-A242-0D9E058847D9}.Debug|Any CPU.ActiveCfg = Debug|Any CPU
		{054B143A-AD83-434E-A242-0D9E058847D9}.Debug|Any CPU.Build.0 = Debug|Any CPU
		{054B143A-AD83-434E-A242-0D9E058847D9}.Debug|x64.ActiveCfg = Debug|Any CPU
		{054B143A-AD83-434E-A242-0D9E058847D9}.Debug|x64.Build.0 = Debug|Any CPU
		{054B143A-AD83-434E-A242-0D9E058847D9}.Debug|x86.ActiveCfg = Debug|Any CPU
		{054B143A-AD83-434E-A242-0D9E058847D9}.Debug|x86.Build.0 = Debug|Any CPU
		{054B143A-AD83-434E-A242-0D9E058847D9}.Release|Any CPU.ActiveCfg = Release|Any CPU
		{054B143A-AD83-434E-A242-0D9E058847D9}.Release|Any CPU.Build.0 = Release|Any CPU
		{054B143A-AD83-434E-A242-0D9E058847D9}.Release|x64.ActiveCfg = Release|Any CPU
		{054B143A-AD83-434E-A242-0D9E058847D9}.Release|x64.Build.0 = Release|Any CPU
		{054B143A-AD83-434E-A242-0D9E058847D9}.Release|x86.ActiveCfg = Release|Any CPU
		{054B143A-AD83-434E-A242-0D9E058847D9}.Release|x86.Build.0 = Release|Any CPU
	EndGlobalSection
	GlobalSection(SolutionProperties) = preSolution
		HideSolutionNode = FALSE
	EndGlobalSection
	GlobalSection(ExtensibilityGlobals) = postSolution
		SolutionGuid = {08F93C7F-9B41-4979-BCE6-A8835FD97590}
	EndGlobalSection
	GlobalSection(NestedProjects) = preSolution
		{A65683ED-1E8A-42B2-A8F7-D269336EA227} = {CE983025-83F0-4AB6-8FF1-64AE3F74C6B9}
		{E285D7D3-D425-45D8-B40B-66363D4F52DF} = {CE983025-83F0-4AB6-8FF1-64AE3F74C6B9}
		{CDDA7D20-A293-4507-8E8A-ED91785BE52B} = {CE983025-83F0-4AB6-8FF1-64AE3F74C6B9}
		{6001CE53-09E7-443F-A1F4-DC72AB3762C2} = {D9857560-7568-427E-9798-18F9B68F4FD0}
		{002B3E53-0E2E-4696-9D34-E4F7F0C9963E} = {CE983025-83F0-4AB6-8FF1-64AE3F74C6B9}
		{EF352131-0C38-4FDA-8ECB-D16AA0E35C24} = {CE983025-83F0-4AB6-8FF1-64AE3F74C6B9}
		{C0EA6E8A-3D8B-41D8-ACE2-87E503F0214D} = {EF352131-0C38-4FDA-8ECB-D16AA0E35C24}
		{054B143A-AD83-434E-A242-0D9E058847D9} = {EF352131-0C38-4FDA-8ECB-D16AA0E35C24}
	EndGlobalSection
EndGlobal
